
Microsoft Visual Studio Solution File, Format Version 12.00
# Visual Studio Version 16
VisualStudioVersion = 16.0.31205.134
MinimumVisualStudioVersion = 10.0.40219.1
Project("{FAE04EC0-301F-11D3-BF4B-00C04F79EFBC}") = "LoginConsoleAppOpdracht", "LoginConsoleAppOpdracht\LoginConsoleAppOpdracht.csproj", "{7F8D90C2-2D9A-4F6D-8142-350085BBD7C7}"
EndProject
Global
	GlobalSection(SolutionConfigurationPlatforms) = preSolution
		Debug|Any CPU = Debug|Any CPU
		Release|Any CPU = Release|Any CPU
	EndGlobalSection
	GlobalSection(ProjectConfigurationPlatforms) = postSolution
		{7F8D90C2-2D9A-4F6D-8142-350085BBD7C7}.Debug|Any CPU.ActiveCfg = Debug|Any CPU
		{7F8D90C2-2D9A-4F6D-8142-350085BBD7C7}.Debug|Any CPU.Build.0 = Debug|Any CPU
		{7F8D90C2-2D9A-4F6D-8142-350085BBD7C7}.Release|Any CPU.ActiveCfg = Release|Any CPU
		{7F8D90C2-2D9A-4F6D-8142-350085BBD7C7}.Release|Any CPU.Build.0 = Release|Any CPU
	EndGlobalSection
	GlobalSection(SolutionProperties) = preSolution
		HideSolutionNode = FALSE
	EndGlobalSection
	GlobalSection(ExtensibilityGlobals) = postSolution
		SolutionGuid = {471B7F3A-0CF7-47A8-A79A-B3C6C473EEC3}
	EndGlobalSection
EndGlobal
